// !$*UTF8*$!
{
	archiveVersion = 1;
	classes = {
	};
	objectVersion = 56;
	objects = {

/* Begin PBXBuildFile section */
		EB57C1662DA1AB58009A1700 /* BibleReadingPlanApp.swift in Sources */ = {isa = PBXBuildFile; fileRef = EB57C1652DA1AB58009A1700 /* BibleReadingPlanApp.swift */; };
		EB57C1682DA1AB58009A1700 /* ContentView.swift in Sources */ = {isa = PBXBuildFile; fileRef = EB57C1672DA1AB58009A1700 /* ContentView.swift */; };
		EB57C16A2DA1AB5A009A1700 /* Assets.xcassets in Resources */ = {isa = PBXBuildFile; fileRef = EB57C1692DA1AB5A009A1700 /* Assets.xcassets */; };
		EB57C16E2DA1AB5A009A1700 /* Preview Assets.xcassets in Resources */ = {isa = PBXBuildFile; fileRef = EB57C16D2DA1AB5A009A1700 /* Preview Assets.xcassets */; };
		EB57C17B2DA1B85A009A1700 /* InputSheet.swift in Sources */ = {isa = PBXBuildFile; fileRef = EB57C17A2DA1B85A009A1700 /* InputSheet.swift */; };
		EB57C17D2DA1BDF6009A1700 /* plan.json in Resources */ = {isa = PBXBuildFile; fileRef = EB57C17C2DA1BDF6009A1700 /* plan.json */; };
		EB57C1802DA1BE02009A1700 /* Book.swift in Sources */ = {isa = PBXBuildFile; fileRef = EB57C17E2DA1BE02009A1700 /* Book.swift */; };
		EB57C1812DA1BE02009A1700 /* Helper.swift in Sources */ = {isa = PBXBuildFile; fileRef = EB57C17F2DA1BE02009A1700 /* Helper.swift */; };
		FD0941842E67498C00F6D178 /* AudioPlayerEngine.swift in Sources */ = {isa = PBXBuildFile; fileRef = FD0941832E67498700F6D178 /* AudioPlayerEngine.swift */; };
		FD0941862E6754C700F6D178 /* chapters.json in Resources */ = {isa = PBXBuildFile; fileRef = FD0941852E6754C700F6D178 /* chapters.json */; };
		FDDE8BDD2E5539B700E0F00F /* bible.mp3 in Resources */ = {isa = PBXBuildFile; fileRef = FDDE8BDC2E5539B700E0F00F /* bible.mp3 */; };
		FDDE8BE12E553B1500E0F00F /* VirtualQueueView.swift in Sources */ = {isa = PBXBuildFile; fileRef = FDDE8BE02E553B1500E0F00F /* VirtualQueueView.swift */; };
		FDDE8BE22E553B1500E0F00F /* FullPlayerView.swift in Sources */ = {isa = PBXBuildFile; fileRef = FDDE8BDE2E553B1500E0F00F /* FullPlayerView.swift */; };
		FDDE8BE32E553B1500E0F00F /* MiniPlayerView.swift in Sources */ = {isa = PBXBuildFile; fileRef = FDDE8BDF2E553B1500E0F00F /* MiniPlayerView.swift */; };
/* End PBXBuildFile section */

/* Begin PBXFileReference section */
		EB57C1622DA1AB58009A1700 /* BibleReadingPlan.app */ = {isa = PBXFileReference; explicitFileType = wrapper.application; includeInIndex = 0; path = BibleReadingPlan.app; sourceTree = BUILT_PRODUCTS_DIR; };
		EB57C1652DA1AB58009A1700 /* BibleReadingPlanApp.swift */ = {isa = PBXFileReference; lastKnownFileType = sourcecode.swift; path = BibleReadingPlanApp.swift; sourceTree = "<group>"; };
		EB57C1672DA1AB58009A1700 /* ContentView.swift */ = {isa = PBXFileReference; lastKnownFileType = sourcecode.swift; path = ContentView.swift; sourceTree = "<group>"; };
		EB57C1692DA1AB5A009A1700 /* Assets.xcassets */ = {isa = PBXFileReference; lastKnownFileType = folder.assetcatalog; path = Assets.xcassets; sourceTree = "<group>"; };
		EB57C16B2DA1AB5A009A1700 /* BibleReadingPlan.entitlements */ = {isa = PBXFileReference; lastKnownFileType = text.plist.entitlements; path = BibleReadingPlan.entitlements; sourceTree = "<group>"; };
		EB57C16D2DA1AB5A009A1700 /* Preview Assets.xcassets */ = {isa = PBXFileReference; lastKnownFileType = folder.assetcatalog; path = "Preview Assets.xcassets"; sourceTree = "<group>"; };
		EB57C17A2DA1B85A009A1700 /* InputSheet.swift */ = {isa = PBXFileReference; lastKnownFileType = sourcecode.swift; path = InputSheet.swift; sourceTree = "<group>"; };
		EB57C17C2DA1BDF6009A1700 /* plan.json */ = {isa = PBXFileReference; fileEncoding = 4; lastKnownFileType = text.json; path = plan.json; sourceTree = "<group>"; };
		EB57C17E2DA1BE02009A1700 /* Book.swift */ = {isa = PBXFileReference; fileEncoding = 4; lastKnownFileType = sourcecode.swift; path = Book.swift; sourceTree = "<group>"; };
		EB57C17F2DA1BE02009A1700 /* Helper.swift */ = {isa = PBXFileReference; fileEncoding = 4; lastKnownFileType = sourcecode.swift; path = Helper.swift; sourceTree = "<group>"; };
		FD0941832E67498700F6D178 /* AudioPlayerEngine.swift */ = {isa = PBXFileReference; lastKnownFileType = sourcecode.swift; path = AudioPlayerEngine.swift; sourceTree = "<group>"; };
		FD0941852E6754C700F6D178 /* chapters.json */ = {isa = PBXFileReference; lastKnownFileType = text.json; path = chapters.json; sourceTree = "<group>"; };
		FD0941892E6787A800F6D178 /* Info.plist */ = {isa = PBXFileReference; lastKnownFileType = text.plist; path = Info.plist; sourceTree = "<group>"; };
		FDDE8BDC2E5539B700E0F00F /* bible.mp3 */ = {isa = PBXFileReference; lastKnownFileType = audio.mp3; path = bible.mp3; sourceTree = "<group>"; };
		FDDE8BDE2E553B1500E0F00F /* FullPlayerView.swift */ = {isa = PBXFileReference; lastKnownFileType = sourcecode.swift; path = FullPlayerView.swift; sourceTree = "<group>"; };
		FDDE8BDF2E553B1500E0F00F /* MiniPlayerView.swift */ = {isa = PBXFileReference; lastKnownFileType = sourcecode.swift; path = MiniPlayerView.swift; sourceTree = "<group>"; };
		FDDE8BE02E553B1500E0F00F /* VirtualQueueView.swift */ = {isa = PBXFileReference; lastKnownFileType = sourcecode.swift; path = VirtualQueueView.swift; sourceTree = "<group>"; };
/* End PBXFileReference section */

/* Begin PBXFrameworksBuildPhase section */
		EB57C15F2DA1AB58009A1700 /* Frameworks */ = {
			isa = PBXFrameworksBuildPhase;
			buildActionMask = 2147483647;
			files = (
			);
			runOnlyForDeploymentPostprocessing = 0;
		};
/* End PBXFrameworksBuildPhase section */

/* Begin PBXGroup section */
		EB57C1592DA1AB58009A1700 = {
			isa = PBXGroup;
			children = (
				EB57C1642DA1AB58009A1700 /* BibleReadingPlan */,
				EB57C1632DA1AB58009A1700 /* Products */,
				FDDE8BDC2E5539B700E0F00F /* bible.mp3 */,
				FD0941852E6754C700F6D178 /* chapters.json */,
			);
			sourceTree = "<group>";
		};
		EB57C1632DA1AB58009A1700 /* Products */ = {
			isa = PBXGroup;
			children = (
				EB57C1622DA1AB58009A1700 /* BibleReadingPlan.app */,
			);
			name = Products;
			sourceTree = "<group>";
		};
		EB57C1642DA1AB58009A1700 /* BibleReadingPlan */ = {
			isa = PBXGroup;
			children = (
				FD0941892E6787A800F6D178 /* Info.plist */,
				FD0941832E67498700F6D178 /* AudioPlayerEngine.swift */,
				EB57C1652DA1AB58009A1700 /* BibleReadingPlanApp.swift */,
				EB57C1672DA1AB58009A1700 /* ContentView.swift */,
				EB57C17A2DA1B85A009A1700 /* InputSheet.swift */,
				EB57C17E2DA1BE02009A1700 /* Book.swift */,
				EB57C17F2DA1BE02009A1700 /* Helper.swift */,
				FDDE8BDE2E553B1500E0F00F /* FullPlayerView.swift */,
				FDDE8BDF2E553B1500E0F00F /* MiniPlayerView.swift */,
				FDDE8BE02E553B1500E0F00F /* VirtualQueueView.swift */,
				EB57C17C2DA1BDF6009A1700 /* plan.json */,
				EB57C1692DA1AB5A009A1700 /* Assets.xcassets */,
				EB57C16B2DA1AB5A009A1700 /* BibleReadingPlan.entitlements */,
				EB57C16C2DA1AB5A009A1700 /* Preview Content */,
			);
			path = BibleReadingPlan;
			sourceTree = "<group>";
		};
		EB57C16C2DA1AB5A009A1700 /* Preview Content */ = {
			isa = PBXGroup;
			children = (
				EB57C16D2DA1AB5A009A1700 /* Preview Assets.xcassets */,
			);
			path = "Preview Content";
			sourceTree = "<group>";
		};
/* End PBXGroup section */

/* Begin PBXNativeTarget section */
		EB57C1612DA1AB58009A1700 /* BibleReadingPlan */ = {
			isa = PBXNativeTarget;
			buildConfigurationList = EB57C1712DA1AB5A009A1700 /* Build configuration list for PBXNativeTarget "BibleReadingPlan" */;
			buildPhases = (
				EB57C15E2DA1AB58009A1700 /* Sources */,
				EB57C15F2DA1AB58009A1700 /* Frameworks */,
				EB57C1602DA1AB58009A1700 /* Resources */,
			);
			buildRules = (
			);
			dependencies = (
			);
			name = BibleReadingPlan;
			productName = BibleReadingPlan;
			productReference = EB57C1622DA1AB58009A1700 /* BibleReadingPlan.app */;
			productType = "com.apple.product-type.application";
		};
/* End PBXNativeTarget section */

/* Begin PBXProject section */
		EB57C15A2DA1AB58009A1700 /* Project object */ = {
			isa = PBXProject;
			attributes = {
				BuildIndependentTargetsInParallel = 1;
				LastSwiftUpdateCheck = 1540;
				LastUpgradeCheck = 1640;
				TargetAttributes = {
					EB57C1612DA1AB58009A1700 = {
						CreatedOnToolsVersion = 15.4;
					};
				};
			};
			buildConfigurationList = EB57C15D2DA1AB58009A1700 /* Build configuration list for PBXProject "BibleReadingPlan" */;
			compatibilityVersion = "Xcode 14.0";
			developmentRegion = en;
			hasScannedForEncodings = 0;
			knownRegions = (
				en,
				Base,
			);
			mainGroup = EB57C1592DA1AB58009A1700;
			productRefGroup = EB57C1632DA1AB58009A1700 /* Products */;
			projectDirPath = "";
			projectRoot = "";
			targets = (
				EB57C1612DA1AB58009A1700 /* BibleReadingPlan */,
			);
		};
/* End PBXProject section */

/* Begin PBXResourcesBuildPhase section */
		EB57C1602DA1AB58009A1700 /* Resources */ = {
			isa = PBXResourcesBuildPhase;
			buildActionMask = 2147483647;
			files = (
				FD0941862E6754C700F6D178 /* chapters.json in Resources */,
				EB57C17D2DA1BDF6009A1700 /* plan.json in Resources */,
				FDDE8BDD2E5539B700E0F00F /* bible.mp3 in Resources */,
				EB57C16E2DA1AB5A009A1700 /* Preview Assets.xcassets in Resources */,
				EB57C16A2DA1AB5A009A1700 /* Assets.xcassets in Resources */,
			);
			runOnlyForDeploymentPostprocessing = 0;
		};
/* End PBXResourcesBuildPhase section */

/* Begin PBXSourcesBuildPhase section */
		EB57C15E2DA1AB58009A1700 /* Sources */ = {
			isa = PBXSourcesBuildPhase;
			buildActionMask = 2147483647;
			files = (
				EB57C1682DA1AB58009A1700 /* ContentView.swift in Sources */,
				FD0941842E67498C00F6D178 /* AudioPlayerEngine.swift in Sources */,
				EB57C1812DA1BE02009A1700 /* Helper.swift in Sources */,
				FDDE8BE12E553B1500E0F00F /* VirtualQueueView.swift in Sources */,
				FDDE8BE22E553B1500E0F00F /* FullPlayerView.swift in Sources */,
				FDDE8BE32E553B1500E0F00F /* MiniPlayerView.swift in Sources */,
				EB57C1662DA1AB58009A1700 /* BibleReadingPlanApp.swift in Sources */,
				EB57C1802DA1BE02009A1700 /* Book.swift in Sources */,
				EB57C17B2DA1B85A009A1700 /* InputSheet.swift in Sources */,
			);
			runOnlyForDeploymentPostprocessing = 0;
		};
/* End PBXSourcesBuildPhase section */

/* Begin XCBuildConfiguration section */
		EB57C16F2DA1AB5A009A1700 /* Debug */ = {
			isa = XCBuildConfiguration;
			buildSettings = {
				ALWAYS_SEARCH_USER_PATHS = NO;
				ASSETCATALOG_COMPILER_GENERATE_SWIFT_ASSET_SYMBOL_EXTENSIONS = YES;
				CLANG_ANALYZER_NONNULL = YES;
				CLANG_ANALYZER_NUMBER_OBJECT_CONVERSION = YES_AGGRESSIVE;
				CLANG_CXX_LANGUAGE_STANDARD = "gnu++20";
				CLANG_ENABLE_MODULES = YES;
				CLANG_ENABLE_OBJC_ARC = YES;
				CLANG_ENABLE_OBJC_WEAK = YES;
				CLANG_WARN_BLOCK_CAPTURE_AUTORELEASING = YES;
				CLANG_WARN_BOOL_CONVERSION = YES;
				CLANG_WARN_COMMA = YES;
				CLANG_WARN_CONSTANT_CONVERSION = YES;
				CLANG_WARN_DEPRECATED_OBJC_IMPLEMENTATIONS = YES;
				CLANG_WARN_DIRECT_OBJC_ISA_USAGE = YES_ERROR;
				CLANG_WARN_DOCUMENTATION_COMMENTS = YES;
				CLANG_WARN_EMPTY_BODY = YES;
				CLANG_WARN_ENUM_CONVERSION = YES;
				CLANG_WARN_INFINITE_RECURSION = YES;
				CLANG_WARN_INT_CONVERSION = YES;
				CLANG_WARN_NON_LITERAL_NULL_CONVERSION = YES;
				CLANG_WARN_OBJC_IMPLICIT_RETAIN_SELF = YES;
				CLANG_WARN_OBJC_LITERAL_CONVERSION = YES;
				CLANG_WARN_OBJC_ROOT_CLASS = YES_ERROR;
				CLANG_WARN_QUOTED_INCLUDE_IN_FRAMEWORK_HEADER = YES;
				CLANG_WARN_RANGE_LOOP_ANALYSIS = YES;
				CLANG_WARN_STRICT_PROTOTYPES = YES;
				CLANG_WARN_SUSPICIOUS_MOVE = YES;
				CLANG_WARN_UNGUARDED_AVAILABILITY = YES_AGGRESSIVE;
				CLANG_WARN_UNREACHABLE_CODE = YES;
				CLANG_WARN__DUPLICATE_METHOD_MATCH = YES;
				COPY_PHASE_STRIP = NO;
				DEAD_CODE_STRIPPING = YES;
				DEBUG_INFORMATION_FORMAT = dwarf;
				DEVELOPMENT_TEAM = 825GXH2M7L;
				ENABLE_STRICT_OBJC_MSGSEND = YES;
				ENABLE_TESTABILITY = YES;
				ENABLE_USER_SCRIPT_SANDBOXING = YES;
				GCC_C_LANGUAGE_STANDARD = gnu17;
				GCC_DYNAMIC_NO_PIC = NO;
				GCC_NO_COMMON_BLOCKS = YES;
				GCC_OPTIMIZATION_LEVEL = 0;
				GCC_PREPROCESSOR_DEFINITIONS = (
					"DEBUG=1",
					"$(inherited)",
				);
				GCC_WARN_64_TO_32_BIT_CONVERSION = YES;
				GCC_WARN_ABOUT_RETURN_TYPE = YES_ERROR;
				GCC_WARN_UNDECLARED_SELECTOR = YES;
				GCC_WARN_UNINITIALIZED_AUTOS = YES_AGGRESSIVE;
				GCC_WARN_UNUSED_FUNCTION = YES;
				GCC_WARN_UNUSED_VARIABLE = YES;
				LOCALIZATION_PREFERS_STRING_CATALOGS = YES;
				MTL_ENABLE_DEBUG_INFO = INCLUDE_SOURCE;
				MTL_FAST_MATH = YES;
				ONLY_ACTIVE_ARCH = YES;
				SWIFT_ACTIVE_COMPILATION_CONDITIONS = "DEBUG $(inherited)";
				SWIFT_OPTIMIZATION_LEVEL = "-Onone";
			};
			name = Debug;
		};
		EB57C1702DA1AB5A009A1700 /* Release */ = {
			isa = XCBuildConfiguration;
			buildSettings = {
				ALWAYS_SEARCH_USER_PATHS = NO;
				ASSETCATALOG_COMPILER_GENERATE_SWIFT_ASSET_SYMBOL_EXTENSIONS = YES;
				CLANG_ANALYZER_NONNULL = YES;
				CLANG_ANALYZER_NUMBER_OBJECT_CONVERSION = YES_AGGRESSIVE;
				CLANG_CXX_LANGUAGE_STANDARD = "gnu++20";
				CLANG_ENABLE_MODULES = YES;
				CLANG_ENABLE_OBJC_ARC = YES;
				CLANG_ENABLE_OBJC_WEAK = YES;
				CLANG_WARN_BLOCK_CAPTURE_AUTORELEASING = YES;
				CLANG_WARN_BOOL_CONVERSION = YES;
				CLANG_WARN_COMMA = YES;
				CLANG_WARN_CONSTANT_CONVERSION = YES;
				CLANG_WARN_DEPRECATED_OBJC_IMPLEMENTATIONS = YES;
				CLANG_WARN_DIRECT_OBJC_ISA_USAGE = YES_ERROR;
				CLANG_WARN_DOCUMENTATION_COMMENTS = YES;
				CLANG_WARN_EMPTY_BODY = YES;
				CLANG_WARN_ENUM_CONVERSION = YES;
				CLANG_WARN_INFINITE_RECURSION = YES;
				CLANG_WARN_INT_CONVERSION = YES;
				CLANG_WARN_NON_LITERAL_NULL_CONVERSION = YES;
				CLANG_WARN_OBJC_IMPLICIT_RETAIN_SELF = YES;
				CLANG_WARN_OBJC_LITERAL_CONVERSION = YES;
				CLANG_WARN_OBJC_ROOT_CLASS = YES_ERROR;
				CLANG_WARN_QUOTED_INCLUDE_IN_FRAMEWORK_HEADER = YES;
				CLANG_WARN_RANGE_LOOP_ANALYSIS = YES;
				CLANG_WARN_STRICT_PROTOTYPES = YES;
				CLANG_WARN_SUSPICIOUS_MOVE = YES;
				CLANG_WARN_UNGUARDED_AVAILABILITY = YES_AGGRESSIVE;
				CLANG_WARN_UNREACHABLE_CODE = YES;
				CLANG_WARN__DUPLICATE_METHOD_MATCH = YES;
				COPY_PHASE_STRIP = NO;
				DEAD_CODE_STRIPPING = YES;
				DEBUG_INFORMATION_FORMAT = "dwarf-with-dsym";
				DEVELOPMENT_TEAM = 825GXH2M7L;
				ENABLE_NS_ASSERTIONS = NO;
				ENABLE_STRICT_OBJC_MSGSEND = YES;
				ENABLE_USER_SCRIPT_SANDBOXING = YES;
				GCC_C_LANGUAGE_STANDARD = gnu17;
				GCC_NO_COMMON_BLOCKS = YES;
				GCC_WARN_64_TO_32_BIT_CONVERSION = YES;
				GCC_WARN_ABOUT_RETURN_TYPE = YES_ERROR;
				GCC_WARN_UNDECLARED_SELECTOR = YES;
				GCC_WARN_UNINITIALIZED_AUTOS = YES_AGGRESSIVE;
				GCC_WARN_UNUSED_FUNCTION = YES;
				GCC_WARN_UNUSED_VARIABLE = YES;
				LOCALIZATION_PREFERS_STRING_CATALOGS = YES;
				MTL_ENABLE_DEBUG_INFO = NO;
				MTL_FAST_MATH = YES;
				SWIFT_COMPILATION_MODE = wholemodule;
			};
			name = Release;
		};
		EB57C1722DA1AB5A009A1700 /* Debug */ = {
			isa = XCBuildConfiguration;
			buildSettings = {
				ASSETCATALOG_COMPILER_APPICON_NAME = AppIcon;
				ASSETCATALOG_COMPILER_GLOBAL_ACCENT_COLOR_NAME = AccentColor;
				CODE_SIGN_ENTITLEMENTS = BibleReadingPlan/BibleReadingPlan.entitlements;
				CODE_SIGN_STYLE = Automatic;
				CURRENT_PROJECT_VERSION = 2;
				DEAD_CODE_STRIPPING = YES;
				DEVELOPMENT_ASSET_PATHS = "\"BibleReadingPlan/Preview Content\"";
				DEVELOPMENT_TEAM = KTL54WY2F2;
				ENABLE_HARDENED_RUNTIME = YES;
				ENABLE_PREVIEWS = YES;
				GENERATE_INFOPLIST_FILE = YES;
				INFOPLIST_FILE = BibleReadingPlan/Info.plist;
				INFOPLIST_KEY_CFBundleDisplayName = "Bible Plan";
				INFOPLIST_KEY_LSApplicationCategoryType = "public.app-category.productivity";
				"INFOPLIST_KEY_UIApplicationSceneManifest_Generation[sdk=iphoneos*]" = YES;
				"INFOPLIST_KEY_UIApplicationSceneManifest_Generation[sdk=iphonesimulator*]" = YES;
				"INFOPLIST_KEY_UIApplicationSupportsIndirectInputEvents[sdk=iphoneos*]" = YES;
				"INFOPLIST_KEY_UIApplicationSupportsIndirectInputEvents[sdk=iphonesimulator*]" = YES;
				"INFOPLIST_KEY_UILaunchScreen_Generation[sdk=iphoneos*]" = YES;
				"INFOPLIST_KEY_UILaunchScreen_Generation[sdk=iphonesimulator*]" = YES;
				"INFOPLIST_KEY_UIStatusBarStyle[sdk=iphoneos*]" = UIStatusBarStyleDefault;
				"INFOPLIST_KEY_UIStatusBarStyle[sdk=iphonesimulator*]" = UIStatusBarStyleDefault;
				INFOPLIST_KEY_UISupportedInterfaceOrientations_iPad = "UIInterfaceOrientationPortrait UIInterfaceOrientationPortraitUpsideDown UIInterfaceOrientationLandscapeLeft UIInterfaceOrientationLandscapeRight";
				INFOPLIST_KEY_UISupportedInterfaceOrientations_iPhone = "UIInterfaceOrientationPortrait UIInterfaceOrientationLandscapeLeft UIInterfaceOrientationLandscapeRight";
				IPHONEOS_DEPLOYMENT_TARGET = 17.2;
				LD_RUNPATH_SEARCH_PATHS = "@executable_path/Frameworks";
				"LD_RUNPATH_SEARCH_PATHS[sdk=macosx*]" = "@executable_path/../Frameworks";
				MACOSX_DEPLOYMENT_TARGET = 14.5;
				MARKETING_VERSION = 1.0;
				PRODUCT_BUNDLE_IDENTIFIER = com.exnihilostudios.BibleReadingPlan;
				PRODUCT_NAME = "$(TARGET_NAME)";
				SDKROOT = auto;
				SUPPORTED_PLATFORMS = "iphoneos iphonesimulator macosx";
				SWIFT_EMIT_LOC_STRINGS = YES;
				SWIFT_VERSION = 5.0;
				TARGETED_DEVICE_FAMILY = "1,2";
			};
			name = Debug;
		};
		EB57C1732DA1AB5A009A1700 /* Release */ = {
			isa = XCBuildConfiguration;
			buildSettings = {
				ASSETCATALOG_COMPILER_APPICON_NAME = AppIcon;
				ASSETCATALOG_COMPILER_GLOBAL_ACCENT_COLOR_NAME = AccentColor;
				CODE_SIGN_ENTITLEMENTS = BibleReadingPlan/BibleReadingPlan.entitlements;
				CODE_SIGN_STYLE = Automatic;
				CURRENT_PROJECT_VERSION = 2;
				DEAD_CODE_STRIPPING = YES;
				DEVELOPMENT_ASSET_PATHS = "\"BibleReadingPlan/Preview Content\"";
				DEVELOPMENT_TEAM = KTL54WY2F2;
				ENABLE_HARDENED_RUNTIME = YES;
				ENABLE_PREVIEWS = YES;
				GENERATE_INFOPLIST_FILE = YES;
				INFOPLIST_FILE = BibleReadingPlan/Info.plist;
				INFOPLIST_KEY_CFBundleDisplayName = "Bible Plan";
				INFOPLIST_KEY_LSApplicationCategoryType = "public.app-category.productivity";
				"INFOPLIST_KEY_UIApplicationSceneManifest_Generation[sdk=iphoneos*]" = YES;
				"INFOPLIST_KEY_UIApplicationSceneManifest_Generation[sdk=iphonesimulator*]" = YES;
				"INFOPLIST_KEY_UIApplicationSupportsIndirectInputEvents[sdk=iphoneos*]" = YES;
				"INFOPLIST_KEY_UIApplicationSupportsIndirectInputEvents[sdk=iphonesimulator*]" = YES;
				"INFOPLIST_KEY_UILaunchScreen_Generation[sdk=iphoneos*]" = YES;
				"INFOPLIST_KEY_UILaunchScreen_Generation[sdk=iphonesimulator*]" = YES;
				"INFOPLIST_KEY_UIStatusBarStyle[sdk=iphoneos*]" = UIStatusBarStyleDefault;
				"INFOPLIST_KEY_UIStatusBarStyle[sdk=iphonesimulator*]" = UIStatusBarStyleDefault;
				INFOPLIST_KEY_UISupportedInterfaceOrientations_iPad = "UIInterfaceOrientationPortrait UIInterfaceOrientationPortraitUpsideDown UIInterfaceOrientationLandscapeLeft UIInterfaceOrientationLandscapeRight";
				INFOPLIST_KEY_UISupportedInterfaceOrientations_iPhone = "UIInterfaceOrientationPortrait UIInterfaceOrientationLandscapeLeft UIInterfaceOrientationLandscapeRight";
				IPHONEOS_DEPLOYMENT_TARGET = 17.2;
				LD_RUNPATH_SEARCH_PATHS = "@executable_path/Frameworks";
				"LD_RUNPATH_SEARCH_PATHS[sdk=macosx*]" = "@executable_path/../Frameworks";
				MACOSX_DEPLOYMENT_TARGET = 14.5;
				MARKETING_VERSION = 1.0;
				PRODUCT_BUNDLE_IDENTIFIER = com.exnihilostudios.BibleReadingPlan;
				PRODUCT_NAME = "$(TARGET_NAME)";
				SDKROOT = auto;
				SUPPORTED_PLATFORMS = "iphoneos iphonesimulator macosx";
				SWIFT_EMIT_LOC_STRINGS = YES;
				SWIFT_VERSION = 5.0;
				TARGETED_DEVICE_FAMILY = "1,2";
			};
			name = Release;
		};
/* End XCBuildConfiguration section */

/* Begin XCConfigurationList section */
		EB57C15D2DA1AB58009A1700 /* Build configuration list for PBXProject "BibleReadingPlan" */ = {
			isa = XCConfigurationList;
			buildConfigurations = (
				EB57C16F2DA1AB5A009A1700 /* Debug */,
				EB57C1702DA1AB5A009A1700 /* Release */,
			);
			defaultConfigurationIsVisible = 0;
			defaultConfigurationName = Release;
		};
		EB57C1712DA1AB5A009A1700 /* Build configuration list for PBXNativeTarget "BibleReadingPlan" */ = {
			isa = XCConfigurationList;
			buildConfigurations = (
				EB57C1722DA1AB5A009A1700 /* Debug */,
				EB57C1732DA1AB5A009A1700 /* Release */,
			);
			defaultConfigurationIsVisible = 0;
			defaultConfigurationName = Release;
		};
/* End XCConfigurationList section */
	};
	rootObject = EB57C15A2DA1AB58009A1700 /* Project object */;
}
